
Microsoft Visual Studio Solution File, Format Version 12.00
# Visual Studio Version 16
VisualStudioVersion = 16.0.31313.79
MinimumVisualStudioVersion = 10.0.40219.1
Project("{FAE04EC0-301F-11D3-BF4B-00C04F79EFBC}") = "DataAccess", "DataAccess\DataAccess.csproj", "{AB35985F-4841-433F-84FB-0876DA2094F5}"
EndProject
Project("{FAE04EC0-301F-11D3-BF4B-00C04F79EFBC}") = "Business", "Business\Business.csproj", "{8C28DF0B-9A51-4A63-BE51-387160065E4E}"
EndProject
Project("{FAE04EC0-301F-11D3-BF4B-00C04F79EFBC}") = "Entities", "Entities\Entities.csproj", "{48A0DDDB-C2A0-4334-BA0B-C05C76C90950}"
EndProject
Project("{FAE04EC0-301F-11D3-BF4B-00C04F79EFBC}") = "ConsoleIU", "ConsoleIU\ConsoleIU.csproj", "{D6E68222-B86A-4432-8844-C71DFABF3F23}"
EndProject
Global
	GlobalSection(SolutionConfigurationPlatforms) = preSolution
		Debug|Any CPU = Debug|Any CPU
		Release|Any CPU = Release|Any CPU
	EndGlobalSection
	GlobalSection(ProjectConfigurationPlatforms) = postSolution
		{AB35985F-4841-433F-84FB-0876DA2094F5}.Debug|Any CPU.ActiveCfg = Debug|Any CPU
		{AB35985F-4841-433F-84FB-0876DA2094F5}.Debug|Any CPU.Build.0 = Debug|Any CPU
		{AB35985F-4841-433F-84FB-0876DA2094F5}.Release|Any CPU.ActiveCfg = Release|Any CPU
		{AB35985F-4841-433F-84FB-0876DA2094F5}.Release|Any CPU.Build.0 = Release|Any CPU
		{8C28DF0B-9A51-4A63-BE51-387160065E4E}.Debug|Any CPU.ActiveCfg = Debug|Any CPU
		{8C28DF0B-9A51-4A63-BE51-387160065E4E}.Debug|Any CPU.Build.0 = Debug|Any CPU
		{8C28DF0B-9A51-4A63-BE51-387160065E4E}.Release|Any CPU.ActiveCfg = Release|Any CPU
		{8C28DF0B-9A51-4A63-BE51-387160065E4E}.Release|Any CPU.Build.0 = Release|Any CPU
		{48A0DDDB-C2A0-4334-BA0B-C05C76C90950}.Debug|Any CPU.ActiveCfg = Debug|Any CPU
		{48A0DDDB-C2A0-4334-BA0B-C05C76C90950}.Debug|Any CPU.Build.0 = Debug|Any CPU
		{48A0DDDB-C2A0-4334-BA0B-C05C76C90950}.Release|Any CPU.ActiveCfg = Release|Any CPU
		{48A0DDDB-C2A0-4334-BA0B-C05C76C90950}.Release|Any CPU.Build.0 = Release|Any CPU
		{D6E68222-B86A-4432-8844-C71DFABF3F23}.Debug|Any CPU.ActiveCfg = Debug|Any CPU
		{D6E68222-B86A-4432-8844-C71DFABF3F23}.Debug|Any CPU.Build.0 = Debug|Any CPU
		{D6E68222-B86A-4432-8844-C71DFABF3F23}.Release|Any CPU.ActiveCfg = Release|Any CPU
		{D6E68222-B86A-4432-8844-C71DFABF3F23}.Release|Any CPU.Build.0 = Release|Any CPU
	EndGlobalSection
	GlobalSection(SolutionProperties) = preSolution
		HideSolutionNode = FALSE
	EndGlobalSection
	GlobalSection(ExtensibilityGlobals) = postSolution
		SolutionGuid = {7F59FDC3-E4E2-4D41-8AB3-A402549999E9}
	EndGlobalSection
EndGlobal
